
Microsoft Visual Studio Solution File, Format Version 12.00
# Visual Studio Version 17
VisualStudioVersion = 17.13.35931.197 d17.13
MinimumVisualStudioVersion = 10.0.40219.1
Project("{FAE04EC0-301F-11D3-BF4B-00C04F79EFBC}") = "HomestayBooking", "HomestayBooking\HomestayBooking.csproj", "{9BBF2E78-1D93-4BB2-A78B-94F17F57ED74}"
EndProject
Global
	GlobalSection(SolutionConfigurationPlatforms) = preSolution
		Debug|Any CPU = Debug|Any CPU
		Release|Any CPU = Release|Any CPU
	EndGlobalSection
	GlobalSection(ProjectConfigurationPlatforms) = postSolution
		{9BBF2E78-1D93-4BB2-A78B-94F17F57ED74}.Debug|Any CPU.ActiveCfg = Debug|Any CPU
		{9BBF2E78-1D93-4BB2-A78B-94F17F57ED74}.Debug|Any CPU.Build.0 = Debug|Any CPU
		{9BBF2E78-1D93-4BB2-A78B-94F17F57ED74}.Release|Any CPU.ActiveCfg = Release|Any CPU
		{9BBF2E78-1D93-4BB2-A78B-94F17F57ED74}.Release|Any CPU.Build.0 = Release|Any CPU
	EndGlobalSection
	GlobalSection(SolutionProperties) = preSolution
		HideSolutionNode = FALSE
	EndGlobalSection
	GlobalSection(ExtensibilityGlobals) = postSolution
		SolutionGuid = {4F25F4E6-8F00-4ABB-8E21-EB9DA62FF63D}
	EndGlobalSection
EndGlobal
